
Microsoft Visual Studio Solution File, Format Version 12.00
# Visual Studio Version 17
VisualStudioVersion = 17.1.32319.34
MinimumVisualStudioVersion = 10.0.40219.1
Project("{FAE04EC0-301F-11D3-BF4B-00C04F79EFBC}") = "OnChat", "OnChat\OnChat.csproj", "{2AF9CA95-EF54-464E-B35D-3CE92CBD9879}"
EndProject
Global
	GlobalSection(SolutionConfigurationPlatforms) = preSolution
		Debug|Any CPU = Debug|Any CPU
		Release|Any CPU = Release|Any CPU
	EndGlobalSection
	GlobalSection(ProjectConfigurationPlatforms) = postSolution
		{2AF9CA95-EF54-464E-B35D-3CE92CBD9879}.Debug|Any CPU.ActiveCfg = Debug|Any CPU
		{2AF9CA95-EF54-464E-B35D-3CE92CBD9879}.Debug|Any CPU.Build.0 = Debug|Any CPU
		{2AF9CA95-EF54-464E-B35D-3CE92CBD9879}.Release|Any CPU.ActiveCfg = Release|Any CPU
		{2AF9CA95-EF54-464E-B35D-3CE92CBD9879}.Release|Any CPU.Build.0 = Release|Any CPU
	EndGlobalSection
	GlobalSection(SolutionProperties) = preSolution
		HideSolutionNode = FALSE
	EndGlobalSection
	GlobalSection(ExtensibilityGlobals) = postSolution
		SolutionGuid = {D9AD6A35-1C9D-4080-84F7-F9D9C459ABBA}
	EndGlobalSection
EndGlobal
